// !$*UTF8*$!
{
	archiveVersion = 1;
	classes = {
	};
	objectVersion = 46;
	objects = {

/* Begin PBXBuildFile section */
		D309F52A1C7655830098FD4E /* AppDelegate.swift in Sources */ = {isa = PBXBuildFile; fileRef = D309F5291C7655830098FD4E /* AppDelegate.swift */; };
		D309F5311C7655830098FD4E /* Assets.xcassets in Resources */ = {isa = PBXBuildFile; fileRef = D309F5301C7655830098FD4E /* Assets.xcassets */; };
		D309F5341C7655830098FD4E /* LaunchScreen.storyboard in Resources */ = {isa = PBXBuildFile; fileRef = D309F5321C7655830098FD4E /* LaunchScreen.storyboard */; };
		D309F53F1C7655830098FD4E /* Apollo_AlphaTests.swift in Sources */ = {isa = PBXBuildFile; fileRef = D309F53E1C7655830098FD4E /* Apollo_AlphaTests.swift */; };
		D309F54A1C7655830098FD4E /* Apollo_AlphaUITests.swift in Sources */ = {isa = PBXBuildFile; fileRef = D309F5491C7655830098FD4E /* Apollo_AlphaUITests.swift */; };
		D309F5581C7655B90098FD4E /* CoreBluetooth.framework in Frameworks */ = {isa = PBXBuildFile; fileRef = D309F5571C7655B90098FD4E /* CoreBluetooth.framework */; };
		D309F55A1C7655ED0098FD4E /* Main.storyboard in Resources */ = {isa = PBXBuildFile; fileRef = D309F5591C7655ED0098FD4E /* Main.storyboard */; };
		D309F55C1C7656370098FD4E /* HTSetupViewController.swift in Sources */ = {isa = PBXBuildFile; fileRef = D309F55B1C7656370098FD4E /* HTSetupViewController.swift */; };
		D309F5601C7656650098FD4E /* BTDiscovery.swift in Sources */ = {isa = PBXBuildFile; fileRef = D309F55E1C7656650098FD4E /* BTDiscovery.swift */; };
		D309F5611C7656650098FD4E /* BTService.swift in Sources */ = {isa = PBXBuildFile; fileRef = D309F55F1C7656650098FD4E /* BTService.swift */; };
		D38841A01C7E6D1A00C151E0 /* HTResultsViewController.swift in Sources */ = {isa = PBXBuildFile; fileRef = D388419F1C7E6D1A00C151E0 /* HTResultsViewController.swift */; };
		D38ACA151C7B92F3008D1EE7 /* HTBarsViewController.swift in Sources */ = {isa = PBXBuildFile; fileRef = D38ACA141C7B92F3008D1EE7 /* HTBarsViewController.swift */; };
		D38ACA171C7BB8EB008D1EE7 /* CommunicationCenter.swift in Sources */ = {isa = PBXBuildFile; fileRef = D38ACA161C7BB8EB008D1EE7 /* CommunicationCenter.swift */; };
/* End PBXBuildFile section */

/* Begin PBXContainerItemProxy section */
		D309F53B1C7655830098FD4E /* PBXContainerItemProxy */ = {
			isa = PBXContainerItemProxy;
			containerPortal = D309F51E1C7655830098FD4E /* Project object */;
			proxyType = 1;
			remoteGlobalIDString = D309F5251C7655830098FD4E;
			remoteInfo = "Apollo Alpha";
		};
		D309F5461C7655830098FD4E /* PBXContainerItemProxy */ = {
			isa = PBXContainerItemProxy;
			containerPortal = D309F51E1C7655830098FD4E /* Project object */;
			proxyType = 1;
			remoteGlobalIDString = D309F5251C7655830098FD4E;
			remoteInfo = "Apollo Alpha";
		};
/* End PBXContainerItemProxy section */

/* Begin PBXFileReference section */
		D309F5261C7655830098FD4E /* Apollo Alpha.app */ = {isa = PBXFileReference; explicitFileType = wrapper.application; includeInIndex = 0; path = "Apollo Alpha.app"; sourceTree = BUILT_PRODUCTS_DIR; };
		D309F5291C7655830098FD4E /* AppDelegate.swift */ = {isa = PBXFileReference; lastKnownFileType = sourcecode.swift; path = AppDelegate.swift; sourceTree = "<group>"; };
		D309F5301C7655830098FD4E /* Assets.xcassets */ = {isa = PBXFileReference; lastKnownFileType = folder.assetcatalog; path = Assets.xcassets; sourceTree = "<group>"; };
		D309F5331C7655830098FD4E /* Base */ = {isa = PBXFileReference; lastKnownFileType = file.storyboard; name = Base; path = Base.lproj/LaunchScreen.storyboard; sourceTree = "<group>"; };
		D309F5351C7655830098FD4E /* Info.plist */ = {isa = PBXFileReference; lastKnownFileType = text.plist.xml; path = Info.plist; sourceTree = "<group>"; };
		D309F53A1C7655830098FD4E /* Apollo AlphaTests.xctest */ = {isa = PBXFileReference; explicitFileType = wrapper.cfbundle; includeInIndex = 0; path = "Apollo AlphaTests.xctest"; sourceTree = BUILT_PRODUCTS_DIR; };
		D309F53E1C7655830098FD4E /* Apollo_AlphaTests.swift */ = {isa = PBXFileReference; lastKnownFileType = sourcecode.swift; path = Apollo_AlphaTests.swift; sourceTree = "<group>"; };
		D309F5401C7655830098FD4E /* Info.plist */ = {isa = PBXFileReference; lastKnownFileType = text.plist.xml; path = Info.plist; sourceTree = "<group>"; };
		D309F5451C7655830098FD4E /* Apollo AlphaUITests.xctest */ = {isa = PBXFileReference; explicitFileType = wrapper.cfbundle; includeInIndex = 0; path = "Apollo AlphaUITests.xctest"; sourceTree = BUILT_PRODUCTS_DIR; };
		D309F5491C7655830098FD4E /* Apollo_AlphaUITests.swift */ = {isa = PBXFileReference; lastKnownFileType = sourcecode.swift; path = Apollo_AlphaUITests.swift; sourceTree = "<group>"; };
		D309F54B1C7655830098FD4E /* Info.plist */ = {isa = PBXFileReference; lastKnownFileType = text.plist.xml; path = Info.plist; sourceTree = "<group>"; };
		D309F5571C7655B90098FD4E /* CoreBluetooth.framework */ = {isa = PBXFileReference; lastKnownFileType = wrapper.framework; name = CoreBluetooth.framework; path = System/Library/Frameworks/CoreBluetooth.framework; sourceTree = SDKROOT; };
		D309F5591C7655ED0098FD4E /* Main.storyboard */ = {isa = PBXFileReference; fileEncoding = 4; lastKnownFileType = file.storyboard; path = Main.storyboard; sourceTree = "<group>"; };
		D309F55B1C7656370098FD4E /* HTSetupViewController.swift */ = {isa = PBXFileReference; fileEncoding = 4; lastKnownFileType = sourcecode.swift; path = HTSetupViewController.swift; sourceTree = "<group>"; };
		D309F55E1C7656650098FD4E /* BTDiscovery.swift */ = {isa = PBXFileReference; fileEncoding = 4; lastKnownFileType = sourcecode.swift; path = BTDiscovery.swift; sourceTree = "<group>"; };
		D309F55F1C7656650098FD4E /* BTService.swift */ = {isa = PBXFileReference; fileEncoding = 4; lastKnownFileType = sourcecode.swift; path = BTService.swift; sourceTree = "<group>"; };
		D388419F1C7E6D1A00C151E0 /* HTResultsViewController.swift */ = {isa = PBXFileReference; fileEncoding = 4; lastKnownFileType = sourcecode.swift; path = HTResultsViewController.swift; sourceTree = "<group>"; };
		D38ACA141C7B92F3008D1EE7 /* HTBarsViewController.swift */ = {isa = PBXFileReference; fileEncoding = 4; lastKnownFileType = sourcecode.swift; path = HTBarsViewController.swift; sourceTree = "<group>"; };
		D38ACA161C7BB8EB008D1EE7 /* CommunicationCenter.swift */ = {isa = PBXFileReference; fileEncoding = 4; lastKnownFileType = sourcecode.swift; path = CommunicationCenter.swift; sourceTree = "<group>"; };
/* End PBXFileReference section */

/* Begin PBXFrameworksBuildPhase section */
		D309F5231C7655830098FD4E /* Frameworks */ = {
			isa = PBXFrameworksBuildPhase;
			buildActionMask = 2147483647;
			files = (
				D309F5581C7655B90098FD4E /* CoreBluetooth.framework in Frameworks */,
			);
			runOnlyForDeploymentPostprocessing = 0;
		};
		D309F5371C7655830098FD4E /* Frameworks */ = {
			isa = PBXFrameworksBuildPhase;
			buildActionMask = 2147483647;
			files = (
			);
			runOnlyForDeploymentPostprocessing = 0;
		};
		D309F5421C7655830098FD4E /* Frameworks */ = {
			isa = PBXFrameworksBuildPhase;
			buildActionMask = 2147483647;
			files = (
			);
			runOnlyForDeploymentPostprocessing = 0;
		};
/* End PBXFrameworksBuildPhase section */

/* Begin PBXGroup section */
		D309F51D1C7655830098FD4E = {
			isa = PBXGroup;
			children = (
				D309F5571C7655B90098FD4E /* CoreBluetooth.framework */,
				D309F5281C7655830098FD4E /* Apollo Alpha */,
				D309F53D1C7655830098FD4E /* Apollo AlphaTests */,
				D309F5481C7655830098FD4E /* Apollo AlphaUITests */,
				D309F5271C7655830098FD4E /* Products */,
			);
			sourceTree = "<group>";
		};
		D309F5271C7655830098FD4E /* Products */ = {
			isa = PBXGroup;
			children = (
				D309F5261C7655830098FD4E /* Apollo Alpha.app */,
				D309F53A1C7655830098FD4E /* Apollo AlphaTests.xctest */,
				D309F5451C7655830098FD4E /* Apollo AlphaUITests.xctest */,
			);
			name = Products;
			sourceTree = "<group>";
		};
		D309F5281C7655830098FD4E /* Apollo Alpha */ = {
			isa = PBXGroup;
			children = (
				D309F5591C7655ED0098FD4E /* Main.storyboard */,
				D388419F1C7E6D1A00C151E0 /* HTResultsViewController.swift */,
				D38ACA141C7B92F3008D1EE7 /* HTBarsViewController.swift */,
				D38ACA161C7BB8EB008D1EE7 /* CommunicationCenter.swift */,
				D309F55B1C7656370098FD4E /* HTSetupViewController.swift */,
				D309F55D1C7656520098FD4E /* BLE Classes */,
				D309F5301C7655830098FD4E /* Assets.xcassets */,
				D309F5291C7655830098FD4E /* AppDelegate.swift */,
				D309F5321C7655830098FD4E /* LaunchScreen.storyboard */,
				D309F5351C7655830098FD4E /* Info.plist */,
			);
			path = "Apollo Alpha";
			sourceTree = "<group>";
		};
		D309F53D1C7655830098FD4E /* Apollo AlphaTests */ = {
			isa = PBXGroup;
			children = (
				D309F53E1C7655830098FD4E /* Apollo_AlphaTests.swift */,
				D309F5401C7655830098FD4E /* Info.plist */,
			);
			path = "Apollo AlphaTests";
			sourceTree = "<group>";
		};
		D309F5481C7655830098FD4E /* Apollo AlphaUITests */ = {
			isa = PBXGroup;
			children = (
				D309F5491C7655830098FD4E /* Apollo_AlphaUITests.swift */,
				D309F54B1C7655830098FD4E /* Info.plist */,
			);
			path = "Apollo AlphaUITests";
			sourceTree = "<group>";
		};
		D309F55D1C7656520098FD4E /* BLE Classes */ = {
			isa = PBXGroup;
			children = (
				D309F55E1C7656650098FD4E /* BTDiscovery.swift */,
				D309F55F1C7656650098FD4E /* BTService.swift */,
			);
			name = "BLE Classes";
			sourceTree = "<group>";
		};
/* End PBXGroup section */

/* Begin PBXNativeTarget section */
		D309F5251C7655830098FD4E /* Apollo Alpha */ = {
			isa = PBXNativeTarget;
			buildConfigurationList = D309F54E1C7655830098FD4E /* Build configuration list for PBXNativeTarget "Apollo Alpha" */;
			buildPhases = (
				D309F5221C7655830098FD4E /* Sources */,
				D309F5231C7655830098FD4E /* Frameworks */,
				D309F5241C7655830098FD4E /* Resources */,
			);
			buildRules = (
			);
			dependencies = (
			);
			name = "Apollo Alpha";
			productName = "Apollo Alpha";
			productReference = D309F5261C7655830098FD4E /* Apollo Alpha.app */;
			productType = "com.apple.product-type.application";
		};
		D309F5391C7655830098FD4E /* Apollo AlphaTests */ = {
			isa = PBXNativeTarget;
			buildConfigurationList = D309F5511C7655830098FD4E /* Build configuration list for PBXNativeTarget "Apollo AlphaTests" */;
			buildPhases = (
				D309F5361C7655830098FD4E /* Sources */,
				D309F5371C7655830098FD4E /* Frameworks */,
				D309F5381C7655830098FD4E /* Resources */,
			);
			buildRules = (
			);
			dependencies = (
				D309F53C1C7655830098FD4E /* PBXTargetDependency */,
			);
			name = "Apollo AlphaTests";
			productName = "Apollo AlphaTests";
			productReference = D309F53A1C7655830098FD4E /* Apollo AlphaTests.xctest */;
			productType = "com.apple.product-type.bundle.unit-test";
		};
		D309F5441C7655830098FD4E /* Apollo AlphaUITests */ = {
			isa = PBXNativeTarget;
			buildConfigurationList = D309F5541C7655830098FD4E /* Build configuration list for PBXNativeTarget "Apollo AlphaUITests" */;
			buildPhases = (
				D309F5411C7655830098FD4E /* Sources */,
				D309F5421C7655830098FD4E /* Frameworks */,
				D309F5431C7655830098FD4E /* Resources */,
			);
			buildRules = (
			);
			dependencies = (
				D309F5471C7655830098FD4E /* PBXTargetDependency */,
			);
			name = "Apollo AlphaUITests";
			productName = "Apollo AlphaUITests";
			productReference = D309F5451C7655830098FD4E /* Apollo AlphaUITests.xctest */;
			productType = "com.apple.product-type.bundle.ui-testing";
		};
/* End PBXNativeTarget section */

/* Begin PBXProject section */
		D309F51E1C7655830098FD4E /* Project object */ = {
			isa = PBXProject;
			attributes = {
				LastSwiftUpdateCheck = 0720;
				LastUpgradeCheck = 0720;
				ORGANIZATIONNAME = "Apollo Hearing";
				TargetAttributes = {
					D309F5251C7655830098FD4E = {
						CreatedOnToolsVersion = 7.2;
						DevelopmentTeam = 3Z78MFNV66;
					};
					D309F5391C7655830098FD4E = {
						CreatedOnToolsVersion = 7.2;
						DevelopmentTeam = 3Z78MFNV66;
						TestTargetID = D309F5251C7655830098FD4E;
					};
					D309F5441C7655830098FD4E = {
						CreatedOnToolsVersion = 7.2;
						DevelopmentTeam = 3Z78MFNV66;
						TestTargetID = D309F5251C7655830098FD4E;
					};
				};
			};
			buildConfigurationList = D309F5211C7655830098FD4E /* Build configuration list for PBXProject "Apollo Alpha" */;
			compatibilityVersion = "Xcode 3.2";
			developmentRegion = English;
			hasScannedForEncodings = 0;
			knownRegions = (
				en,
				Base,
			);
			mainGroup = D309F51D1C7655830098FD4E;
			productRefGroup = D309F5271C7655830098FD4E /* Products */;
			projectDirPath = "";
			projectRoot = "";
			targets = (
				D309F5251C7655830098FD4E /* Apollo Alpha */,
				D309F5391C7655830098FD4E /* Apollo AlphaTests */,
				D309F5441C7655830098FD4E /* Apollo AlphaUITests */,
			);
		};
/* End PBXProject section */

/* Begin PBXResourcesBuildPhase section */
		D309F5241C7655830098FD4E /* Resources */ = {
			isa = PBXResourcesBuildPhase;
			buildActionMask = 2147483647;
			files = (
				D309F5341C7655830098FD4E /* LaunchScreen.storyboard in Resources */,
				D309F5311C7655830098FD4E /* Assets.xcassets in Resources */,
				D309F55A1C7655ED0098FD4E /* Main.storyboard in Resources */,
			);
			runOnlyForDeploymentPostprocessing = 0;
		};
		D309F5381C7655830098FD4E /* Resources */ = {
			isa = PBXResourcesBuildPhase;
			buildActionMask = 2147483647;
			files = (
			);
			runOnlyForDeploymentPostprocessing = 0;
		};
		D309F5431C7655830098FD4E /* Resources */ = {
			isa = PBXResourcesBuildPhase;
			buildActionMask = 2147483647;
			files = (
			);
			runOnlyForDeploymentPostprocessing = 0;
		};
/* End PBXResourcesBuildPhase section */

/* Begin PBXSourcesBuildPhase section */
		D309F5221C7655830098FD4E /* Sources */ = {
			isa = PBXSourcesBuildPhase;
			buildActionMask = 2147483647;
			files = (
				D38841A01C7E6D1A00C151E0 /* HTResultsViewController.swift in Sources */,
				D309F55C1C7656370098FD4E /* HTSetupViewController.swift in Sources */,
				D309F5611C7656650098FD4E /* BTService.swift in Sources */,
				D309F5601C7656650098FD4E /* BTDiscovery.swift in Sources */,
				D38ACA151C7B92F3008D1EE7 /* HTBarsViewController.swift in Sources */,
				D38ACA171C7BB8EB008D1EE7 /* CommunicationCenter.swift in Sources */,
				D309F52A1C7655830098FD4E /* AppDelegate.swift in Sources */,
			);
			runOnlyForDeploymentPostprocessing = 0;
		};
		D309F5361C7655830098FD4E /* Sources */ = {
			isa = PBXSourcesBuildPhase;
			buildActionMask = 2147483647;
			files = (
				D309F53F1C7655830098FD4E /* Apollo_AlphaTests.swift in Sources */,
			);
			runOnlyForDeploymentPostprocessing = 0;
		};
		D309F5411C7655830098FD4E /* Sources */ = {
			isa = PBXSourcesBuildPhase;
			buildActionMask = 2147483647;
			files = (
				D309F54A1C7655830098FD4E /* Apollo_AlphaUITests.swift in Sources */,
			);
			runOnlyForDeploymentPostprocessing = 0;
		};
/* End PBXSourcesBuildPhase section */

/* Begin PBXTargetDependency section */
		D309F53C1C7655830098FD4E /* PBXTargetDependency */ = {
			isa = PBXTargetDependency;
			target = D309F5251C7655830098FD4E /* Apollo Alpha */;
			targetProxy = D309F53B1C7655830098FD4E /* PBXContainerItemProxy */;
		};
		D309F5471C7655830098FD4E /* PBXTargetDependency */ = {
			isa = PBXTargetDependency;
			target = D309F5251C7655830098FD4E /* Apollo Alpha */;
			targetProxy = D309F5461C7655830098FD4E /* PBXContainerItemProxy */;
		};
/* End PBXTargetDependency section */

/* Begin PBXVariantGroup section */
		D309F5321C7655830098FD4E /* LaunchScreen.storyboard */ = {
			isa = PBXVariantGroup;
			children = (
				D309F5331C7655830098FD4E /* Base */,
			);
			name = LaunchScreen.storyboard;
			sourceTree = "<group>";
		};
/* End PBXVariantGroup section */

/* Begin XCBuildConfiguration section */
		D309F54C1C7655830098FD4E /* Debug */ = {
			isa = XCBuildConfiguration;
			buildSettings = {
				ALWAYS_SEARCH_USER_PATHS = NO;
				CLANG_CXX_LANGUAGE_STANDARD = "gnu++0x";
				CLANG_CXX_LIBRARY = "libc++";
				CLANG_ENABLE_MODULES = YES;
				CLANG_ENABLE_OBJC_ARC = YES;
				CLANG_WARN_BOOL_CONVERSION = YES;
				CLANG_WARN_CONSTANT_CONVERSION = YES;
				CLANG_WARN_DIRECT_OBJC_ISA_USAGE = YES_ERROR;
				CLANG_WARN_EMPTY_BODY = YES;
				CLANG_WARN_ENUM_CONVERSION = YES;
				CLANG_WARN_INT_CONVERSION = YES;
				CLANG_WARN_OBJC_ROOT_CLASS = YES_ERROR;
				CLANG_WARN_UNREACHABLE_CODE = YES;
				CLANG_WARN__DUPLICATE_METHOD_MATCH = YES;
				"CODE_SIGN_IDENTITY[sdk=iphoneos*]" = "iPhone Developer";
				COPY_PHASE_STRIP = NO;
				DEBUG_INFORMATION_FORMAT = dwarf;
				ENABLE_STRICT_OBJC_MSGSEND = YES;
				ENABLE_TESTABILITY = YES;
				GCC_C_LANGUAGE_STANDARD = gnu99;
				GCC_DYNAMIC_NO_PIC = NO;
				GCC_NO_COMMON_BLOCKS = YES;
				GCC_OPTIMIZATION_LEVEL = 0;
				GCC_PREPROCESSOR_DEFINITIONS = (
					"DEBUG=1",
					"$(inherited)",
				);
				GCC_WARN_64_TO_32_BIT_CONVERSION = YES;
				GCC_WARN_ABOUT_RETURN_TYPE = YES_ERROR;
				GCC_WARN_UNDECLARED_SELECTOR = YES;
				GCC_WARN_UNINITIALIZED_AUTOS = YES_AGGRESSIVE;
				GCC_WARN_UNUSED_FUNCTION = YES;
				GCC_WARN_UNUSED_VARIABLE = YES;
				IPHONEOS_DEPLOYMENT_TARGET = 9.2;
				MTL_ENABLE_DEBUG_INFO = YES;
				ONLY_ACTIVE_ARCH = YES;
				SDKROOT = iphoneos;
				SWIFT_OPTIMIZATION_LEVEL = "-Onone";
				TARGETED_DEVICE_FAMILY = "1,2";
			};
			name = Debug;
		};
		D309F54D1C7655830098FD4E /* Release */ = {
			isa = XCBuildConfiguration;
			buildSettings = {
				ALWAYS_SEARCH_USER_PATHS = NO;
				CLANG_CXX_LANGUAGE_STANDARD = "gnu++0x";
				CLANG_CXX_LIBRARY = "libc++";
				CLANG_ENABLE_MODULES = YES;
				CLANG_ENABLE_OBJC_ARC = YES;
				CLANG_WARN_BOOL_CONVERSION = YES;
				CLANG_WARN_CONSTANT_CONVERSION = YES;
				CLANG_WARN_DIRECT_OBJC_ISA_USAGE = YES_ERROR;
				CLANG_WARN_EMPTY_BODY = YES;
				CLANG_WARN_ENUM_CONVERSION = YES;
				CLANG_WARN_INT_CONVERSION = YES;
				CLANG_WARN_OBJC_ROOT_CLASS = YES_ERROR;
				CLANG_WARN_UNREACHABLE_CODE = YES;
				CLANG_WARN__DUPLICATE_METHOD_MATCH = YES;
				"CODE_SIGN_IDENTITY[sdk=iphoneos*]" = "iPhone Developer";
				COPY_PHASE_STRIP = NO;
				DEBUG_INFORMATION_FORMAT = "dwarf-with-dsym";
				ENABLE_NS_ASSERTIONS = NO;
				ENABLE_STRICT_OBJC_MSGSEND = YES;
				GCC_C_LANGUAGE_STANDARD = gnu99;
				GCC_NO_COMMON_BLOCKS = YES;
				GCC_WARN_64_TO_32_BIT_CONVERSION = YES;
				GCC_WARN_ABOUT_RETURN_TYPE = YES_ERROR;
				GCC_WARN_UNDECLARED_SELECTOR = YES;
				GCC_WARN_UNINITIALIZED_AUTOS = YES_AGGRESSIVE;
				GCC_WARN_UNUSED_FUNCTION = YES;
				GCC_WARN_UNUSED_VARIABLE = YES;
				IPHONEOS_DEPLOYMENT_TARGET = 9.2;
				MTL_ENABLE_DEBUG_INFO = NO;
				SDKROOT = iphoneos;
				TARGETED_DEVICE_FAMILY = "1,2";
				VALIDATE_PRODUCT = YES;
			};
			name = Release;
		};
		D309F54F1C7655830098FD4E /* Debug */ = {
			isa = XCBuildConfiguration;
			buildSettings = {
				ASSETCATALOG_COMPILER_APPICON_NAME = AppIcon;
				INFOPLIST_FILE = "Apollo Alpha/Info.plist";
				LD_RUNPATH_SEARCH_PATHS = "$(inherited) @executable_path/Frameworks";
				PRODUCT_BUNDLE_IDENTIFIER = com.ApolloHearing.BrianNeil;
				PRODUCT_NAME = "$(TARGET_NAME)";
				TARGETED_DEVICE_FAMILY = 1;
			};
			name = Debug;
		};
		D309F5501C7655830098FD4E /* Release */ = {
			isa = XCBuildConfiguration;
			buildSettings = {
				ASSETCATALOG_COMPILER_APPICON_NAME = AppIcon;
				INFOPLIST_FILE = "Apollo Alpha/Info.plist";
				LD_RUNPATH_SEARCH_PATHS = "$(inherited) @executable_path/Frameworks";
				PRODUCT_BUNDLE_IDENTIFIER = com.ApolloHearing.BrianNeil;
				PRODUCT_NAME = "$(TARGET_NAME)";
				TARGETED_DEVICE_FAMILY = 1;
			};
			name = Release;
		};
		D309F5521C7655830098FD4E /* Debug */ = {
			isa = XCBuildConfiguration;
			buildSettings = {
				BUNDLE_LOADER = "$(TEST_HOST)";
				INFOPLIST_FILE = "Apollo AlphaTests/Info.plist";
				LD_RUNPATH_SEARCH_PATHS = "$(inherited) @executable_path/Frameworks @loader_path/Frameworks";
				PRODUCT_BUNDLE_IDENTIFIER = "com.ApolloHearing.BrianNeil.Apollo-AlphaTests";
				PRODUCT_NAME = "$(TARGET_NAME)";
				TEST_HOST = "$(BUILT_PRODUCTS_DIR)/Apollo Alpha.app/Apollo Alpha";
			};
			name = Debug;
		};
		D309F5531C7655830098FD4E /* Release */ = {
			isa = XCBuildConfiguration;
			buildSettings = {
				BUNDLE_LOADER = "$(TEST_HOST)";
				INFOPLIST_FILE = "Apollo AlphaTests/Info.plist";
				LD_RUNPATH_SEARCH_PATHS = "$(inherited) @executable_path/Frameworks @loader_path/Frameworks";
				PRODUCT_BUNDLE_IDENTIFIER = "com.ApolloHearing.BrianNeil.Apollo-AlphaTests";
				PRODUCT_NAME = "$(TARGET_NAME)";
				TEST_HOST = "$(BUILT_PRODUCTS_DIR)/Apollo Alpha.app/Apollo Alpha";
			};
			name = Release;
		};
		D309F5551C7655830098FD4E /* Debug */ = {
			isa = XCBuildConfiguration;
			buildSettings = {
				INFOPLIST_FILE = "Apollo AlphaUITests/Info.plist";
				LD_RUNPATH_SEARCH_PATHS = "$(inherited) @executable_path/Frameworks @loader_path/Frameworks";
				PRODUCT_BUNDLE_IDENTIFIER = "com.ApolloHearing.BrianNeil.Apollo-AlphaUITests";
				PRODUCT_NAME = "$(TARGET_NAME)";
				TEST_TARGET_NAME = "Apollo Alpha";
				USES_XCTRUNNER = YES;
			};
			name = Debug;
		};
		D309F5561C7655830098FD4E /* Release */ = {
			isa = XCBuildConfiguration;
			buildSettings = {
				INFOPLIST_FILE = "Apollo AlphaUITests/Info.plist";
				LD_RUNPATH_SEARCH_PATHS = "$(inherited) @executable_path/Frameworks @loader_path/Frameworks";
				PRODUCT_BUNDLE_IDENTIFIER = "com.ApolloHearing.BrianNeil.Apollo-AlphaUITests";
				PRODUCT_NAME = "$(TARGET_NAME)";
				TEST_TARGET_NAME = "Apollo Alpha";
				USES_XCTRUNNER = YES;
			};
			name = Release;
		};
/* End XCBuildConfiguration section */

/* Begin XCConfigurationList section */
		D309F5211C7655830098FD4E /* Build configuration list for PBXProject "Apollo Alpha" */ = {
			isa = XCConfigurationList;
			buildConfigurations = (
				D309F54C1C7655830098FD4E /* Debug */,
				D309F54D1C7655830098FD4E /* Release */,
			);
			defaultConfigurationIsVisible = 0;
			defaultConfigurationName = Release;
		};
		D309F54E1C7655830098FD4E /* Build configuration list for PBXNativeTarget "Apollo Alpha" */ = {
			isa = XCConfigurationList;
			buildConfigurations = (
				D309F54F1C7655830098FD4E /* Debug */,
				D309F5501C7655830098FD4E /* Release */,
			);
			defaultConfigurationIsVisible = 0;
			defaultConfigurationName = Release;
		};
		D309F5511C7655830098FD4E /* Build configuration list for PBXNativeTarget "Apollo AlphaTests" */ = {
			isa = XCConfigurationList;
			buildConfigurations = (
				D309F5521C7655830098FD4E /* Debug */,
				D309F5531C7655830098FD4E /* Release */,
			);
			defaultConfigurationIsVisible = 0;
			defaultConfigurationName = Release;
		};
		D309F5541C7655830098FD4E /* Build configuration list for PBXNativeTarget "Apollo AlphaUITests" */ = {
			isa = XCConfigurationList;
			buildConfigurations = (
				D309F5551C7655830098FD4E /* Debug */,
				D309F5561C7655830098FD4E /* Release */,
			);
			defaultConfigurationIsVisible = 0;
			defaultConfigurationName = Release;
		};
/* End XCConfigurationList section */
	};
	rootObject = D309F51E1C7655830098FD4E /* Project object */;
}
